Microsoft Visual Studio Solution File, Format Version 12.00
# Visual Studio Version 17
VisualStudioVersion = 17.0.32126.317
MinimumVisualStudioVersion = 10.0.40219.1
Project("{FAE04EC0-301F-11D3-BF4B-00C04F79EFBC}") = "Aspose.Omr.Cloud.Sdk", "src\Aspose.Omr.Cloud.Sdk\Aspose.Omr.Cloud.Sdk.csproj", "{B7F09B84-71FC-4D5B-A049-D9F2F8C39114}"
EndProject
Project("{FAE04EC0-301F-11D3-BF4B-00C04F79EFBC}") = "Aspose.Omr.Cloud.Sdk.Test", "src\Aspose.Omr.Cloud.Sdk.Test\Aspose.Omr.Cloud.Sdk.Test.csproj", "{19F1DEBC-DE5E-4517-8062-F000CD499087}"
EndProject
Project("{9A19103F-16F7-4668-BE54-9A1E7A4F7556}") = "OMRDemo", "OMRDemo\OMRDemo.csproj", "{21A129CC-F543-4E51-98C2-067DD78154F8}"
EndProject
Global
	GlobalSection(SolutionConfigurationPlatforms) = preSolution
		Debug|Any CPU = Debug|Any CPU
		Release|Any CPU = Release|Any CPU
	EndGlobalSection
	GlobalSection(ProjectConfigurationPlatforms) = postSolution
		{B7F09B84-71FC-4D5B-A049-D9F2F8C39114}.Debug|Any CPU.ActiveCfg = Debug|Any CPU
		{B7F09B84-71FC-4D5B-A049-D9F2F8C39114}.Debug|Any CPU.Build.0 = Debug|Any CPU
		{B7F09B84-71FC-4D5B-A049-D9F2F8C39114}.Release|Any CPU.ActiveCfg = Release|Any CPU
		{B7F09B84-71FC-4D5B-A049-D9F2F8C39114}.Release|Any CPU.Build.0 = Release|Any CPU
		{19F1DEBC-DE5E-4517-8062-F000CD499087}.Debug|Any CPU.ActiveCfg = Debug|Any CPU
		{19F1DEBC-DE5E-4517-8062-F000CD499087}.Debug|Any CPU.Build.0 = Debug|Any CPU
		{19F1DEBC-DE5E-4517-8062-F000CD499087}.Release|Any CPU.ActiveCfg = Release|Any CPU
		{19F1DEBC-DE5E-4517-8062-F000CD499087}.Release|Any CPU.Build.0 = Release|Any CPU
		{21A129CC-F543-4E51-98C2-067DD78154F8}.Debug|Any CPU.ActiveCfg = Debug|Any CPU
		{21A129CC-F543-4E51-98C2-067DD78154F8}.Debug|Any CPU.Build.0 = Debug|Any CPU
		{21A129CC-F543-4E51-98C2-067DD78154F8}.Release|Any CPU.ActiveCfg = Release|Any CPU
		{21A129CC-F543-4E51-98C2-067DD78154F8}.Release|Any CPU.Build.0 = Release|Any CPU
	EndGlobalSection
	GlobalSection(SolutionProperties) = preSolution
		HideSolutionNode = FALSE
	EndGlobalSection
	GlobalSection(ExtensibilityGlobals) = postSolution
		SolutionGuid = {3984DCA5-5BA6-4E30-B788-73EEEC1E3AC7}
	EndGlobalSection
EndGlobal
